
Microsoft Visual Studio Solution File, Format Version 12.00
# Visual Studio Version 17
VisualStudioVersion = 17.11.35219.272
MinimumVisualStudioVersion = 10.0.40219.1
Project("{FAE04EC0-301F-11D3-BF4B-00C04F79EFBC}") = "SampleProject", "SampleProject\SampleProject.csproj", "{61CFE612-1CE2-470F-8995-924F0E65BB2B}"
EndProject
Global
	GlobalSection(SolutionConfigurationPlatforms) = preSolution
		Debug|Any CPU = Debug|Any CPU
		Release|Any CPU = Release|Any CPU
	EndGlobalSection
	GlobalSection(ProjectConfigurationPlatforms) = postSolution
		{61CFE612-1CE2-470F-8995-924F0E65BB2B}.Debug|Any CPU.ActiveCfg = Debug|Any CPU
		{61CFE612-1CE2-470F-8995-924F0E65BB2B}.Debug|Any CPU.Build.0 = Debug|Any CPU
		{61CFE612-1CE2-470F-8995-924F0E65BB2B}.Release|Any CPU.ActiveCfg = Release|Any CPU
		{61CFE612-1CE2-470F-8995-924F0E65BB2B}.Release|Any CPU.Build.0 = Release|Any CPU
	EndGlobalSection
	GlobalSection(SolutionProperties) = preSolution
		HideSolutionNode = FALSE
	EndGlobalSection
	GlobalSection(ExtensibilityGlobals) = postSolution
		SolutionGuid = {325EAB7C-59E5-4525-8BF9-94A936CDA78D}
	EndGlobalSection
EndGlobal
